
Microsoft Visual Studio Solution File, Format Version 12.00
# Visual Studio 14
VisualStudioVersion = 14.0.24720.0
MinimumVisualStudioVersion = 10.0.40219.1
Project("{FAE04EC0-301F-11D3-BF4B-00C04F79EFBC}") = "NCrawler", "NCrawler\NCrawler.csproj", "{5E4DF149-F650-4152-8410-586FB9CCF644}"
EndProject
Project("{FAE04EC0-301F-11D3-BF4B-00C04F79EFBC}") = "NCrawler.HtmlProcessor", "NCrawler.HtmlProcessor\NCrawler.HtmlProcessor.csproj", "{A8ADB9E8-359E-4CFB-97D7-59E1E705DE04}"
EndProject
Project("{FAE04EC0-301F-11D3-BF4B-00C04F79EFBC}") = "NCrawler.Demo", "NCrawler.Demo\NCrawler.Demo.csproj", "{3FB98863-77C5-4459-B9BF-2AF1C904323C}"
EndProject
Project("{FAE04EC0-301F-11D3-BF4B-00C04F79EFBC}") = "NCrawler.LanguageDetection.Google", "NCrawler.LanguageDetection.Google\NCrawler.LanguageDetection.Google.csproj", "{0E707ADD-8F93-4E65-BAE7-534D4C844060}"
EndProject
Project("{FAE04EC0-301F-11D3-BF4B-00C04F79EFBC}") = "NCrawler.iTextSharpPdfProcessor", "NCrawler.iTextSharpPdfProcessor\NCrawler.iTextSharpPdfProcessor.csproj", "{1CC6DC28-0B0B-445D-8AE3-07F9823A9036}"
EndProject
Project("{FAE04EC0-301F-11D3-BF4B-00C04F79EFBC}") = "NCrawler.Test", "NCrawler.Test\NCrawler.Test.csproj", "{E565C692-2122-4B7D-B467-4B965BFD72B1}"
EndProject
Project("{FAE04EC0-301F-11D3-BF4B-00C04F79EFBC}") = "NCrawler.Console", "NCrawler.Console\NCrawler.Console.csproj", "{5BC126AF-4E49-4DEA-B013-E05CBC2C67F4}"
EndProject
Project("{FAE04EC0-301F-11D3-BF4B-00C04F79EFBC}") = "NCrawler.SitemapProcessor", "NCrawler.SitemapProcessor\NCrawler.SitemapProcessor.csproj", "{4C550C30-9CCD-4CAB-8E9C-C1A4D6619953}"
EndProject
Project("{FAE04EC0-301F-11D3-BF4B-00C04F79EFBC}") = "NGet", "NGet\NGet.csproj", "{D80AAC56-C054-46C0-B14D-80F61D2D9B56}"
EndProject
Project("{FAE04EC0-301F-11D3-BF4B-00C04F79EFBC}") = "NCrawler.TridentProcessor", "NCrawler.TridentProcessor\NCrawler.TridentProcessor.csproj", "{D1DAC206-2908-4192-8850-5EEEE7700397}"
EndProject
Project("{2150E333-8FDC-42A3-9474-1A3956D46DE8}") = "Build", "Build", "{2EC744D9-DD8E-4FDF-B295-6A4B8909CE60}"
	ProjectSection(SolutionItems) = preProject
		Nake.bat = Nake.bat
		Nake.csx = Nake.csx
	EndProjectSection
EndProject
Project("{FAE04EC0-301F-11D3-BF4B-00C04F79EFBC}") = "NCrawler.Robots", "NCrawler.Robots\NCrawler.Robots.csproj", "{EF2FC937-6A66-4014-BF52-8D4621F5997B}"
EndProject
Project("{FAE04EC0-301F-11D3-BF4B-00C04F79EFBC}") = "NCrawler.Toxy", "NCrawler.Toxy\NCrawler.Toxy.csproj", "{CF870F7A-EDFC-47CC-BFFA-280A3EC6AD7C}"
EndProject
Global
	GlobalSection(SolutionConfigurationPlatforms) = preSolution
		Debug|Any CPU = Debug|Any CPU
		Debug|Mixed Platforms = Debug|Mixed Platforms
		Debug|x86 = Debug|x86
		Release|Any CPU = Release|Any CPU
		Release|Mixed Platforms = Release|Mixed Platforms
		Release|x86 = Release|x86
	EndGlobalSection
	GlobalSection(ProjectConfigurationPlatforms) = postSolution
		{5E4DF149-F650-4152-8410-586FB9CCF644}.Debug|Any CPU.ActiveCfg = Debug|Any CPU
		{5E4DF149-F650-4152-8410-586FB9CCF644}.Debug|Any CPU.Build.0 = Debug|Any CPU
		{5E4DF149-F650-4152-8410-586FB9CCF644}.Debug|Mixed Platforms.ActiveCfg = Debug|Any CPU
		{5E4DF149-F650-4152-8410-586FB9CCF644}.Debug|Mixed Platforms.Build.0 = Debug|Any CPU
		{5E4DF149-F650-4152-8410-586FB9CCF644}.Debug|x86.ActiveCfg = Debug|Any CPU
		{5E4DF149-F650-4152-8410-586FB9CCF644}.Release|Any CPU.ActiveCfg = Release|Any CPU
		{5E4DF149-F650-4152-8410-586FB9CCF644}.Release|Any CPU.Build.0 = Release|Any CPU
		{5E4DF149-F650-4152-8410-586FB9CCF644}.Release|Mixed Platforms.ActiveCfg = Release|Any CPU
		{5E4DF149-F650-4152-8410-586FB9CCF644}.Release|Mixed Platforms.Build.0 = Release|Any CPU
		{5E4DF149-F650-4152-8410-586FB9CCF644}.Release|x86.ActiveCfg = Release|Any CPU
		{A8ADB9E8-359E-4CFB-97D7-59E1E705DE04}.Debug|Any CPU.ActiveCfg = Debug|Any CPU
		{A8ADB9E8-359E-4CFB-97D7-59E1E705DE04}.Debug|Any CPU.Build.0 = Debug|Any CPU
		{A8ADB9E8-359E-4CFB-97D7-59E1E705DE04}.Debug|Mixed Platforms.ActiveCfg = Debug|Any CPU
		{A8ADB9E8-359E-4CFB-97D7-59E1E705DE04}.Debug|x86.ActiveCfg = Debug|Any CPU
		{A8ADB9E8-359E-4CFB-97D7-59E1E705DE04}.Release|Any CPU.ActiveCfg = Release|Any CPU
		{A8ADB9E8-359E-4CFB-97D7-59E1E705DE04}.Release|Any CPU.Build.0 = Release|Any CPU
		{A8ADB9E8-359E-4CFB-97D7-59E1E705DE04}.Release|Mixed Platforms.ActiveCfg = Release|Any CPU
		{A8ADB9E8-359E-4CFB-97D7-59E1E705DE04}.Release|Mixed Platforms.Build.0 = Release|Any CPU
		{A8ADB9E8-359E-4CFB-97D7-59E1E705DE04}.Release|x86.ActiveCfg = Release|Any CPU
		{3FB98863-77C5-4459-B9BF-2AF1C904323C}.Debug|Any CPU.ActiveCfg = Debug|Any CPU
		{3FB98863-77C5-4459-B9BF-2AF1C904323C}.Debug|Mixed Platforms.ActiveCfg = Debug|Any CPU
		{3FB98863-77C5-4459-B9BF-2AF1C904323C}.Debug|Mixed Platforms.Deploy.0 = Debug|Any CPU
		{3FB98863-77C5-4459-B9BF-2AF1C904323C}.Debug|x86.ActiveCfg = Debug|Any CPU
		{3FB98863-77C5-4459-B9BF-2AF1C904323C}.Release|Any CPU.ActiveCfg = Release|Any CPU
		{3FB98863-77C5-4459-B9BF-2AF1C904323C}.Release|Any CPU.Build.0 = Release|Any CPU
		{3FB98863-77C5-4459-B9BF-2AF1C904323C}.Release|Mixed Platforms.ActiveCfg = Release|Any CPU
		{3FB98863-77C5-4459-B9BF-2AF1C904323C}.Release|Mixed Platforms.Build.0 = Release|Any CPU
		{3FB98863-77C5-4459-B9BF-2AF1C904323C}.Release|x86.ActiveCfg = Release|Any CPU
		{0E707ADD-8F93-4E65-BAE7-534D4C844060}.Debug|Any CPU.ActiveCfg = Debug|Any CPU
		{0E707ADD-8F93-4E65-BAE7-534D4C844060}.Debug|Mixed Platforms.ActiveCfg = Debug|Any CPU
		{0E707ADD-8F93-4E65-BAE7-534D4C844060}.Debug|x86.ActiveCfg = Debug|Any CPU
		{0E707ADD-8F93-4E65-BAE7-534D4C844060}.Release|Any CPU.ActiveCfg = Release|Any CPU
		{0E707ADD-8F93-4E65-BAE7-534D4C844060}.Release|Any CPU.Build.0 = Release|Any CPU
		{0E707ADD-8F93-4E65-BAE7-534D4C844060}.Release|Mixed Platforms.ActiveCfg = Release|Any CPU
		{0E707ADD-8F93-4E65-BAE7-534D4C844060}.Release|Mixed Platforms.Build.0 = Release|Any CPU
		{0E707ADD-8F93-4E65-BAE7-534D4C844060}.Release|x86.ActiveCfg = Release|Any CPU
		{1CC6DC28-0B0B-445D-8AE3-07F9823A9036}.Debug|Any CPU.ActiveCfg = Debug|Any CPU
		{1CC6DC28-0B0B-445D-8AE3-07F9823A9036}.Debug|Mixed Platforms.ActiveCfg = Debug|Any CPU
		{1CC6DC28-0B0B-445D-8AE3-07F9823A9036}.Debug|x86.ActiveCfg = Debug|Any CPU
		{1CC6DC28-0B0B-445D-8AE3-07F9823A9036}.Release|Any CPU.ActiveCfg = Release|Any CPU
		{1CC6DC28-0B0B-445D-8AE3-07F9823A9036}.Release|Any CPU.Build.0 = Release|Any CPU
		{1CC6DC28-0B0B-445D-8AE3-07F9823A9036}.Release|Mixed Platforms.ActiveCfg = Release|Any CPU
		{1CC6DC28-0B0B-445D-8AE3-07F9823A9036}.Release|Mixed Platforms.Build.0 = Release|Any CPU
		{1CC6DC28-0B0B-445D-8AE3-07F9823A9036}.Release|x86.ActiveCfg = Release|Any CPU
		{E565C692-2122-4B7D-B467-4B965BFD72B1}.Debug|Any CPU.ActiveCfg = Debug|Any CPU
		{E565C692-2122-4B7D-B467-4B965BFD72B1}.Debug|Mixed Platforms.ActiveCfg = Debug|Any CPU
		{E565C692-2122-4B7D-B467-4B965BFD72B1}.Debug|x86.ActiveCfg = Debug|Any CPU
		{E565C692-2122-4B7D-B467-4B965BFD72B1}.Release|Any CPU.ActiveCfg = Release|Any CPU
		{E565C692-2122-4B7D-B467-4B965BFD72B1}.Release|Any CPU.Build.0 = Release|Any CPU
		{E565C692-2122-4B7D-B467-4B965BFD72B1}.Release|Mixed Platforms.ActiveCfg = Release|Any CPU
		{E565C692-2122-4B7D-B467-4B965BFD72B1}.Release|Mixed Platforms.Build.0 = Release|Any CPU
		{E565C692-2122-4B7D-B467-4B965BFD72B1}.Release|x86.ActiveCfg = Release|Any CPU
		{5BC126AF-4E49-4DEA-B013-E05CBC2C67F4}.Debug|Any CPU.ActiveCfg = Debug|Any CPU
		{5BC126AF-4E49-4DEA-B013-E05CBC2C67F4}.Debug|Any CPU.Build.0 = Debug|Any CPU
		{5BC126AF-4E49-4DEA-B013-E05CBC2C67F4}.Debug|Mixed Platforms.ActiveCfg = Debug|Any CPU
		{5BC126AF-4E49-4DEA-B013-E05CBC2C67F4}.Debug|Mixed Platforms.Build.0 = Debug|Any CPU
		{5BC126AF-4E49-4DEA-B013-E05CBC2C67F4}.Debug|x86.ActiveCfg = Debug|Any CPU
		{5BC126AF-4E49-4DEA-B013-E05CBC2C67F4}.Release|Any CPU.ActiveCfg = Release|Any CPU
		{5BC126AF-4E49-4DEA-B013-E05CBC2C67F4}.Release|Any CPU.Build.0 = Release|Any CPU
		{5BC126AF-4E49-4DEA-B013-E05CBC2C67F4}.Release|Mixed Platforms.ActiveCfg = Release|Any CPU
		{5BC126AF-4E49-4DEA-B013-E05CBC2C67F4}.Release|Mixed Platforms.Build.0 = Release|Any CPU
		{5BC126AF-4E49-4DEA-B013-E05CBC2C67F4}.Release|x86.ActiveCfg = Release|Any CPU
		{4C550C30-9CCD-4CAB-8E9C-C1A4D6619953}.Debug|Any CPU.ActiveCfg = Debug|Any CPU
		{4C550C30-9CCD-4CAB-8E9C-C1A4D6619953}.Debug|Mixed Platforms.ActiveCfg = Debug|Any CPU
		{4C550C30-9CCD-4CAB-8E9C-C1A4D6619953}.Debug|x86.ActiveCfg = Debug|Any CPU
		{4C550C30-9CCD-4CAB-8E9C-C1A4D6619953}.Release|Any CPU.ActiveCfg = Release|Any CPU
		{4C550C30-9CCD-4CAB-8E9C-C1A4D6619953}.Release|Any CPU.Build.0 = Release|Any CPU
		{4C550C30-9CCD-4CAB-8E9C-C1A4D6619953}.Release|Mixed Platforms.ActiveCfg = Release|Any CPU
		{4C550C30-9CCD-4CAB-8E9C-C1A4D6619953}.Release|Mixed Platforms.Build.0 = Release|Any CPU
		{4C550C30-9CCD-4CAB-8E9C-C1A4D6619953}.Release|x86.ActiveCfg = Release|Any CPU
		{D80AAC56-C054-46C0-B14D-80F61D2D9B56}.Debug|Any CPU.ActiveCfg = Debug|x86
		{D80AAC56-C054-46C0-B14D-80F61D2D9B56}.Debug|Mixed Platforms.ActiveCfg = Debug|x86
		{D80AAC56-C054-46C0-B14D-80F61D2D9B56}.Debug|x86.ActiveCfg = Debug|x86
		{D80AAC56-C054-46C0-B14D-80F61D2D9B56}.Debug|x86.Build.0 = Debug|x86
		{D80AAC56-C054-46C0-B14D-80F61D2D9B56}.Release|Any CPU.ActiveCfg = Release|x86
		{D80AAC56-C054-46C0-B14D-80F61D2D9B56}.Release|Mixed Platforms.ActiveCfg = Release|x86
		{D80AAC56-C054-46C0-B14D-80F61D2D9B56}.Release|Mixed Platforms.Build.0 = Release|x86
		{D80AAC56-C054-46C0-B14D-80F61D2D9B56}.Release|x86.ActiveCfg = Release|x86
		{D80AAC56-C054-46C0-B14D-80F61D2D9B56}.Release|x86.Build.0 = Release|x86
		{D1DAC206-2908-4192-8850-5EEEE7700397}.Debug|Any CPU.ActiveCfg = Debug|Any CPU
		{D1DAC206-2908-4192-8850-5EEEE7700397}.Debug|Mixed Platforms.ActiveCfg = Debug|Any CPU
		{D1DAC206-2908-4192-8850-5EEEE7700397}.Debug|x86.ActiveCfg = Debug|Any CPU
		{D1DAC206-2908-4192-8850-5EEEE7700397}.Release|Any CPU.ActiveCfg = Release|Any CPU
		{D1DAC206-2908-4192-8850-5EEEE7700397}.Release|Any CPU.Build.0 = Release|Any CPU
		{D1DAC206-2908-4192-8850-5EEEE7700397}.Release|Mixed Platforms.ActiveCfg = Release|Any CPU
		{D1DAC206-2908-4192-8850-5EEEE7700397}.Release|Mixed Platforms.Build.0 = Release|Any CPU
		{D1DAC206-2908-4192-8850-5EEEE7700397}.Release|x86.ActiveCfg = Release|Any CPU
		{EF2FC937-6A66-4014-BF52-8D4621F5997B}.Debug|Any CPU.ActiveCfg = Debug|Any CPU
		{EF2FC937-6A66-4014-BF52-8D4621F5997B}.Debug|Any CPU.Build.0 = Debug|Any CPU
		{EF2FC937-6A66-4014-BF52-8D4621F5997B}.Debug|Mixed Platforms.ActiveCfg = Debug|Any CPU
		{EF2FC937-6A66-4014-BF52-8D4621F5997B}.Debug|Mixed Platforms.Build.0 = Debug|Any CPU
		{EF2FC937-6A66-4014-BF52-8D4621F5997B}.Debug|x86.ActiveCfg = Debug|Any CPU
		{EF2FC937-6A66-4014-BF52-8D4621F5997B}.Debug|x86.Build.0 = Debug|Any CPU
		{EF2FC937-6A66-4014-BF52-8D4621F5997B}.Release|Any CPU.ActiveCfg = Release|Any CPU
		{EF2FC937-6A66-4014-BF52-8D4621F5997B}.Release|Any CPU.Build.0 = Release|Any CPU
		{EF2FC937-6A66-4014-BF52-8D4621F5997B}.Release|Mixed Platforms.ActiveCfg = Release|Any CPU
		{EF2FC937-6A66-4014-BF52-8D4621F5997B}.Release|Mixed Platforms.Build.0 = Release|Any CPU
		{EF2FC937-6A66-4014-BF52-8D4621F5997B}.Release|x86.ActiveCfg = Release|Any CPU
		{EF2FC937-6A66-4014-BF52-8D4621F5997B}.Release|x86.Build.0 = Release|Any CPU
		{CF870F7A-EDFC-47CC-BFFA-280A3EC6AD7C}.Debug|Any CPU.ActiveCfg = Debug|Any CPU
		{CF870F7A-EDFC-47CC-BFFA-280A3EC6AD7C}.Debug|Any CPU.Build.0 = Debug|Any CPU
		{CF870F7A-EDFC-47CC-BFFA-280A3EC6AD7C}.Debug|Mixed Platforms.ActiveCfg = Debug|Any CPU
		{CF870F7A-EDFC-47CC-BFFA-280A3EC6AD7C}.Debug|Mixed Platforms.Build.0 = Debug|Any CPU
		{CF870F7A-EDFC-47CC-BFFA-280A3EC6AD7C}.Debug|x86.ActiveCfg = Debug|Any CPU
		{CF870F7A-EDFC-47CC-BFFA-280A3EC6AD7C}.Debug|x86.Build.0 = Debug|Any CPU
		{CF870F7A-EDFC-47CC-BFFA-280A3EC6AD7C}.Release|Any CPU.ActiveCfg = Release|Any CPU
		{CF870F7A-EDFC-47CC-BFFA-280A3EC6AD7C}.Release|Any CPU.Build.0 = Release|Any CPU
		{CF870F7A-EDFC-47CC-BFFA-280A3EC6AD7C}.Release|Mixed Platforms.ActiveCfg = Release|Any CPU
		{CF870F7A-EDFC-47CC-BFFA-280A3EC6AD7C}.Release|Mixed Platforms.Build.0 = Release|Any CPU
		{CF870F7A-EDFC-47CC-BFFA-280A3EC6AD7C}.Release|x86.ActiveCfg = Release|Any CPU
		{CF870F7A-EDFC-47CC-BFFA-280A3EC6AD7C}.Release|x86.Build.0 = Release|Any CPU
	EndGlobalSection
	GlobalSection(SolutionProperties) = preSolution
		HideSolutionNode = FALSE
	EndGlobalSection
EndGlobal
